{
  "name": "@darkwolf/pushid",
  "version": "1.0.2",
  "lockfileVersion": 1,
  "requires": true,
  "dependencies": {
    "@darkwolf/primordials": {
      "version": "1.1.5",
      "resolved": "https://registry.npmjs.org/@darkwolf/primordials/-/primordials-1.1.5.tgz",
      "integrity": "sha512-mtgA0w9+4RpmOC+kWvkBRZfekBEjDQ4yRII+vWMfBDKAIajuOUrGtU1wZoy1f0EB0ualuo03Y+lgHC6qopeBYw=="
    }
  }
}
